Microsoft Visual Studio Solution File, Format Version 12.00
# Visual Studio Version 17
VisualStudioVersion = 17.5.2.0
MinimumVisualStudioVersion = 10.0.40219.1
Project("{FAE04EC0-301F-11D3-BF4B-00C04F79EFBC}") = "mineralKingdom-backend-v2", "mineralKingdom-backend-v2.csproj", "{A36738FD-DEC6-3F0F-5502-69500A93BD20}"
EndProject
Global
	GlobalSection(SolutionConfigurationPlatforms) = preSolution
		Debug|Any CPU = Debug|Any CPU
		Release|Any CPU = Release|Any CPU
	EndGlobalSection
	GlobalSection(ProjectConfigurationPlatforms) = postSolution
		{A36738FD-DEC6-3F0F-5502-69500A93BD20}.Debug|Any CPU.ActiveCfg = Debug|Any CPU
		{A36738FD-DEC6-3F0F-5502-69500A93BD20}.Debug|Any CPU.Build.0 = Debug|Any CPU
		{A36738FD-DEC6-3F0F-5502-69500A93BD20}.Release|Any CPU.ActiveCfg = Release|Any CPU
		{A36738FD-DEC6-3F0F-5502-69500A93BD20}.Release|Any CPU.Build.0 = Release|Any CPU
	EndGlobalSection
	GlobalSection(SolutionProperties) = preSolution
		HideSolutionNode = FALSE
	EndGlobalSection
	GlobalSection(ExtensibilityGlobals) = postSolution
		SolutionGuid = {2FA5231F-11FB-4FCF-9291-A62F4EA4BB57}
	EndGlobalSection
EndGlobal
